
Microsoft Visual Studio Solution File, Format Version 12.00
# Visual Studio Version 17
VisualStudioVersion = 17.11.35222.181
MinimumVisualStudioVersion = 10.0.40219.1
Project("{9A19103F-16F7-4668-BE54-9A1E7A4F7556}") = "Catser.UI", "src\Catser.UI\Catser.UI.csproj", "{3B6387D8-521A-4BFC-BB17-70C5EBA1C2B0}"
EndProject
Global
	GlobalSection(SolutionConfigurationPlatforms) = preSolution
		Debug|Any CPU = Debug|Any CPU
		Release|Any CPU = Release|Any CPU
	EndGlobalSection
	GlobalSection(ProjectConfigurationPlatforms) = postSolution
		{3B6387D8-521A-4BFC-BB17-70C5EBA1C2B0}.Debug|Any CPU.ActiveCfg = Debug|Any CPU
		{3B6387D8-521A-4BFC-BB17-70C5EBA1C2B0}.Debug|Any CPU.Build.0 = Debug|Any CPU
		{3B6387D8-521A-4BFC-BB17-70C5EBA1C2B0}.Release|Any CPU.ActiveCfg = Release|Any CPU
		{3B6387D8-521A-4BFC-BB17-70C5EBA1C2B0}.Release|Any CPU.Build.0 = Release|Any CPU
	EndGlobalSection
	GlobalSection(SolutionProperties) = preSolution
		HideSolutionNode = FALSE
	EndGlobalSection
	GlobalSection(ExtensibilityGlobals) = postSolution
		SolutionGuid = {9810C942-54E7-4671-B4B5-BBA99E0BE815}
	EndGlobalSection
EndGlobal
